
Microsoft Visual Studio Solution File, Format Version 12.00
# Visual Studio Version 17
VisualStudioVersion = 17.4.33103.184
MinimumVisualStudioVersion = 10.0.40219.1
Project("{FAE04EC0-301F-11D3-BF4B-00C04F79EFBC}") = "Metodlar", "Metodlar\Metodlar.csproj", "{3A697648-597A-4EF7-BFF9-17EB65E57E42}"
EndProject
Project("{FAE04EC0-301F-11D3-BF4B-00C04F79EFBC}") = "Matematik", "Matematik\Matematik.csproj", "{59790D4A-8FF8-40F1-9F98-D3E303BC4982}"
EndProject
Project("{FAE04EC0-301F-11D3-BF4B-00C04F79EFBC}") = "DegerVeReferansTipler", "DegerVeReferansTipler\DegerVeReferansTipler.csproj", "{01B434B3-6DA2-4F5B-B6DB-FBE7C360C58B}"
EndProject
Project("{9A19103F-16F7-4668-BE54-9A1E7A4F7556}") = "OOP1", "OOP1\OOP1.csproj", "{885A7BA5-3468-496E-A967-8A4D536AD0E7}"
EndProject
Project("{FAE04EC0-301F-11D3-BF4B-00C04F79EFBC}") = "Koleksiyonlar", "Koleksiyonlar\Koleksiyonlar.csproj", "{D32CA745-388C-4D86-98F9-125D019ABEA7}"
EndProject
Project("{FAE04EC0-301F-11D3-BF4B-00C04F79EFBC}") = "GenericsIntro", "GenericsIntro\GenericsIntro.csproj", "{D76FB5FE-73D0-4CA0-8BAF-18252F4CC9CB}"
EndProject
Project("{FAE04EC0-301F-11D3-BF4B-00C04F79EFBC}") = "OOP2", "OOP2\OOP2.csproj", "{F979A3B8-E906-42E3-8231-E9F2A80735DD}"
EndProject
Project("{FAE04EC0-301F-11D3-BF4B-00C04F79EFBC}") = "OOP3", "OOP3\OOP3.csproj", "{15318943-2132-4795-9E4B-AE6FE1B325C7}"
EndProject
Global
	GlobalSection(SolutionConfigurationPlatforms) = preSolution
		Debug|Any CPU = Debug|Any CPU
		Release|Any CPU = Release|Any CPU
	EndGlobalSection
	GlobalSection(ProjectConfigurationPlatforms) = postSolution
		{3A697648-597A-4EF7-BFF9-17EB65E57E42}.Debug|Any CPU.ActiveCfg = Debug|Any CPU
		{3A697648-597A-4EF7-BFF9-17EB65E57E42}.Debug|Any CPU.Build.0 = Debug|Any CPU
		{3A697648-597A-4EF7-BFF9-17EB65E57E42}.Release|Any CPU.ActiveCfg = Release|Any CPU
		{3A697648-597A-4EF7-BFF9-17EB65E57E42}.Release|Any CPU.Build.0 = Release|Any CPU
		{59790D4A-8FF8-40F1-9F98-D3E303BC4982}.Debug|Any CPU.ActiveCfg = Debug|Any CPU
		{59790D4A-8FF8-40F1-9F98-D3E303BC4982}.Debug|Any CPU.Build.0 = Debug|Any CPU
		{59790D4A-8FF8-40F1-9F98-D3E303BC4982}.Release|Any CPU.ActiveCfg = Release|Any CPU
		{59790D4A-8FF8-40F1-9F98-D3E303BC4982}.Release|Any CPU.Build.0 = Release|Any CPU
		{01B434B3-6DA2-4F5B-B6DB-FBE7C360C58B}.Debug|Any CPU.ActiveCfg = Debug|Any CPU
		{01B434B3-6DA2-4F5B-B6DB-FBE7C360C58B}.Debug|Any CPU.Build.0 = Debug|Any CPU
		{01B434B3-6DA2-4F5B-B6DB-FBE7C360C58B}.Release|Any CPU.ActiveCfg = Release|Any CPU
		{01B434B3-6DA2-4F5B-B6DB-FBE7C360C58B}.Release|Any CPU.Build.0 = Release|Any CPU
		{885A7BA5-3468-496E-A967-8A4D536AD0E7}.Debug|Any CPU.ActiveCfg = Debug|Any CPU
		{885A7BA5-3468-496E-A967-8A4D536AD0E7}.Debug|Any CPU.Build.0 = Debug|Any CPU
		{885A7BA5-3468-496E-A967-8A4D536AD0E7}.Release|Any CPU.ActiveCfg = Release|Any CPU
		{885A7BA5-3468-496E-A967-8A4D536AD0E7}.Release|Any CPU.Build.0 = Release|Any CPU
		{D32CA745-388C-4D86-98F9-125D019ABEA7}.Debug|Any CPU.ActiveCfg = Debug|Any CPU
		{D32CA745-388C-4D86-98F9-125D019ABEA7}.Debug|Any CPU.Build.0 = Debug|Any CPU
		{D32CA745-388C-4D86-98F9-125D019ABEA7}.Release|Any CPU.ActiveCfg = Release|Any CPU
		{D32CA745-388C-4D86-98F9-125D019ABEA7}.Release|Any CPU.Build.0 = Release|Any CPU
		{D76FB5FE-73D0-4CA0-8BAF-18252F4CC9CB}.Debug|Any CPU.ActiveCfg = Debug|Any CPU
		{D76FB5FE-73D0-4CA0-8BAF-18252F4CC9CB}.Debug|Any CPU.Build.0 = Debug|Any CPU
		{D76FB5FE-73D0-4CA0-8BAF-18252F4CC9CB}.Release|Any CPU.ActiveCfg = Release|Any CPU
		{D76FB5FE-73D0-4CA0-8BAF-18252F4CC9CB}.Release|Any CPU.Build.0 = Release|Any CPU
		{F979A3B8-E906-42E3-8231-E9F2A80735DD}.Debug|Any CPU.ActiveCfg = Debug|Any CPU
		{F979A3B8-E906-42E3-8231-E9F2A80735DD}.Debug|Any CPU.Build.0 = Debug|Any CPU
		{F979A3B8-E906-42E3-8231-E9F2A80735DD}.Release|Any CPU.ActiveCfg = Release|Any CPU
		{F979A3B8-E906-42E3-8231-E9F2A80735DD}.Release|Any CPU.Build.0 = Release|Any CPU
		{15318943-2132-4795-9E4B-AE6FE1B325C7}.Debug|Any CPU.ActiveCfg = Debug|Any CPU
		{15318943-2132-4795-9E4B-AE6FE1B325C7}.Debug|Any CPU.Build.0 = Debug|Any CPU
		{15318943-2132-4795-9E4B-AE6FE1B325C7}.Release|Any CPU.ActiveCfg = Release|Any CPU
		{15318943-2132-4795-9E4B-AE6FE1B325C7}.Release|Any CPU.Build.0 = Release|Any CPU
	EndGlobalSection
	GlobalSection(SolutionProperties) = preSolution
		HideSolutionNode = FALSE
	EndGlobalSection
	GlobalSection(ExtensibilityGlobals) = postSolution
		SolutionGuid = {818B6EE0-293E-4A55-AF8B-E46C7525C940}
	EndGlobalSection
EndGlobal
